// !$*UTF8*$!
{
	archiveVersion = 1;
	classes = {
	};
	objectVersion = 51;
	objects = {

/* Begin PBXBuildFile section */
		369CBBB5DF2DDC0EBF6047FA /* Pods_Explore.framework in Frameworks */ = {isa = PBXBuildFile; fileRef = 69FEF78E7A72AEE15B30D71A /* Pods_Explore.framework */; };
		D31F9A2C256B8A4700B8A1E3 /* themes.json in Resources */ = {isa = PBXBuildFile; fileRef = D31F9A2B256B8A4700B8A1E3 /* themes.json */; };
		D31F9A2E256B8BC800B8A1E3 /* ThemeModel.swift in Sources */ = {isa = PBXBuildFile; fileRef = D31F9A2D256B8BC800B8A1E3 /* ThemeModel.swift */; };
		D3274E25256AEDB80011F856 /* ThemesCollectionCell.swift in Sources */ = {isa = PBXBuildFile; fileRef = D3274E24256AEDB80011F856 /* ThemesCollectionCell.swift */; };
		D360F20A25679402009F8489 /* AppDelegate.swift in Sources */ = {isa = PBXBuildFile; fileRef = D360F20925679402009F8489 /* AppDelegate.swift */; };
		D360F20E25679402009F8489 /* DashboardController.swift in Sources */ = {isa = PBXBuildFile; fileRef = D360F20D25679402009F8489 /* DashboardController.swift */; };
		D360F21125679402009F8489 /* Dashboard.storyboard in Resources */ = {isa = PBXBuildFile; fileRef = D360F20F25679402009F8489 /* Dashboard.storyboard */; };
		D360F21325679407009F8489 /* Assets.xcassets in Resources */ = {isa = PBXBuildFile; fileRef = D360F21225679407009F8489 /* Assets.xcassets */; };
		D360F21625679407009F8489 /* LaunchScreen.storyboard in Resources */ = {isa = PBXBuildFile; fileRef = D360F21425679407009F8489 /* LaunchScreen.storyboard */; };
		D360F21E2567A34D009F8489 /* AppCoordinator.swift in Sources */ = {isa = PBXBuildFile; fileRef = D360F21D2567A34D009F8489 /* AppCoordinator.swift */; };
		D360F2202567A4D4009F8489 /* Constants.swift in Sources */ = {isa = PBXBuildFile; fileRef = D360F21F2567A4D4009F8489 /* Constants.swift */; };
		D360F22A2567A763009F8489 /* BaseViewController.swift in Sources */ = {isa = PBXBuildFile; fileRef = D360F2292567A763009F8489 /* BaseViewController.swift */; };
		D360F22C2567A777009F8489 /* BaseViewModel.swift in Sources */ = {isa = PBXBuildFile; fileRef = D360F22B2567A777009F8489 /* BaseViewModel.swift */; };
		D360F2312567A85F009F8489 /* BaseTableViewCell.swift in Sources */ = {isa = PBXBuildFile; fileRef = D360F2302567A85F009F8489 /* BaseTableViewCell.swift */; };
		D360F2342567B22C009F8489 /* TopBar.swift in Sources */ = {isa = PBXBuildFile; fileRef = D360F2332567B22C009F8489 /* TopBar.swift */; };
		D360F2382567BEDC009F8489 /* CustomTableViewController.swift in Sources */ = {isa = PBXBuildFile; fileRef = D360F2372567BEDC009F8489 /* CustomTableViewController.swift */; };
		D370ECC52567C97800DBC24F /* DashboardViewModel.swift in Sources */ = {isa = PBXBuildFile; fileRef = D370ECC42567C97800DBC24F /* DashboardViewModel.swift */; };
		D370ECC82567CAE300DBC24F /* CategoryCell.swift in Sources */ = {isa = PBXBuildFile; fileRef = D370ECC72567CAE300DBC24F /* CategoryCell.swift */; };
		D370ECD32569092100DBC24F /* TabSelectionView.swift in Sources */ = {isa = PBXBuildFile; fileRef = D370ECD22569092100DBC24F /* TabSelectionView.swift */; };
		D370ECD62569146300DBC24F /* TabSelectionButtonView.swift in Sources */ = {isa = PBXBuildFile; fileRef = D370ECD52569146300DBC24F /* TabSelectionButtonView.swift */; };
		D370ECD92569198F00DBC24F /* UIKitExtension.swift in Sources */ = {isa = PBXBuildFile; fileRef = D370ECD82569198F00DBC24F /* UIKitExtension.swift */; };
		D370ECDF256A2A3C00DBC24F /* VendorCell.swift in Sources */ = {isa = PBXBuildFile; fileRef = D370ECDE256A2A3C00DBC24F /* VendorCell.swift */; };
		D370ECE4256A384A00DBC24F /* CategoryModel.swift in Sources */ = {isa = PBXBuildFile; fileRef = D370ECE3256A384A00DBC24F /* CategoryModel.swift */; };
		D370ECE6256A39AE00DBC24F /* category.json in Resources */ = {isa = PBXBuildFile; fileRef = D370ECE5256A39AE00DBC24F /* category.json */; };
		D370ECE8256A3A6E00DBC24F /* trending.json in Resources */ = {isa = PBXBuildFile; fileRef = D370ECE7256A3A6E00DBC24F /* trending.json */; };
		D370ECEA256A3D8900DBC24F /* TrendingModel.swift in Sources */ = {isa = PBXBuildFile; fileRef = D370ECE9256A3D8900DBC24F /* TrendingModel.swift */; };
		D370ECEC256A42CD00DBC24F /* MockDataProvider.swift in Sources */ = {isa = PBXBuildFile; fileRef = D370ECEB256A42CD00DBC24F /* MockDataProvider.swift */; };
		D370ECEF256A52D900DBC24F /* SectionHeaderView.swift in Sources */ = {isa = PBXBuildFile; fileRef = D370ECEE256A52D900DBC24F /* SectionHeaderView.swift */; };
/* End PBXBuildFile section */

/* Begin PBXFileReference section */
		21460EA050616BE7A6E9911E /* Pods-Explore.debug.xcconfig */ = {isa = PBXFileReference; includeInIndex = 1; lastKnownFileType = text.xcconfig; name = "Pods-Explore.debug.xcconfig"; path = "Target Support Files/Pods-Explore/Pods-Explore.debug.xcconfig"; sourceTree = "<group>"; };
		69FEF78E7A72AEE15B30D71A /* Pods_Explore.framework */ = {isa = PBXFileReference; explicitFileType = wrapper.framework; includeInIndex = 0; path = Pods_Explore.framework; sourceTree = BUILT_PRODUCTS_DIR; };
		B5EDDB67E764A249819DA97F /* Pods-Explore.release.xcconfig */ = {isa = PBXFileReference; includeInIndex = 1; lastKnownFileType = text.xcconfig; name = "Pods-Explore.release.xcconfig"; path = "Target Support Files/Pods-Explore/Pods-Explore.release.xcconfig"; sourceTree = "<group>"; };
		D31F9A2B256B8A4700B8A1E3 /* themes.json */ = {isa = PBXFileReference; lastKnownFileType = text.json; path = themes.json; sourceTree = "<group>"; };
		D31F9A2D256B8BC800B8A1E3 /* ThemeModel.swift */ = {isa = PBXFileReference; lastKnownFileType = sourcecode.swift; path = ThemeModel.swift; sourceTree = "<group>"; };
		D3274E24256AEDB80011F856 /* ThemesCollectionCell.swift */ = {isa = PBXFileReference; lastKnownFileType = sourcecode.swift; path = ThemesCollectionCell.swift; sourceTree = "<group>"; };
		D360F20625679402009F8489 /* Explore.app */ = {isa = PBXFileReference; explicitFileType = wrapper.application; includeInIndex = 0; path = Explore.app; sourceTree = BUILT_PRODUCTS_DIR; };
		D360F20925679402009F8489 /* AppDelegate.swift */ = {isa = PBXFileReference; lastKnownFileType = sourcecode.swift; path = AppDelegate.swift; sourceTree = "<group>"; };
		D360F20D25679402009F8489 /* DashboardController.swift */ = {isa = PBXFileReference; lastKnownFileType = sourcecode.swift; path = DashboardController.swift; sourceTree = "<group>"; };
		D360F21025679402009F8489 /* Base */ = {isa = PBXFileReference; lastKnownFileType = file.storyboard; name = Base; path = Base.lproj/Dashboard.storyboard; sourceTree = "<group>"; };
		D360F21225679407009F8489 /* Assets.xcassets */ = {isa = PBXFileReference; lastKnownFileType = folder.assetcatalog; path = Assets.xcassets; sourceTree = "<group>"; };
		D360F21525679407009F8489 /* Base */ = {isa = PBXFileReference; lastKnownFileType = file.storyboard; name = Base; path = Base.lproj/LaunchScreen.storyboard; sourceTree = "<group>"; };
		D360F21725679407009F8489 /* Info.plist */ = {isa = PBXFileReference; lastKnownFileType = text.plist.xml; path = Info.plist; sourceTree = "<group>"; };
		D360F21D2567A34D009F8489 /* AppCoordinator.swift */ = {isa = PBXFileReference; lastKnownFileType = sourcecode.swift; path = AppCoordinator.swift; sourceTree = "<group>"; };
		D360F21F2567A4D4009F8489 /* Constants.swift */ = {isa = PBXFileReference; lastKnownFileType = sourcecode.swift; path = Constants.swift; sourceTree = "<group>"; };
		D360F2292567A763009F8489 /* BaseViewController.swift */ = {isa = PBXFileReference; lastKnownFileType = sourcecode.swift; path = BaseViewController.swift; sourceTree = "<group>"; };
		D360F22B2567A777009F8489 /* BaseViewModel.swift */ = {isa = PBXFileReference; lastKnownFileType = sourcecode.swift; path = BaseViewModel.swift; sourceTree = "<group>"; };
		D360F2302567A85F009F8489 /* BaseTableViewCell.swift */ = {isa = PBXFileReference; lastKnownFileType = sourcecode.swift; path = BaseTableViewCell.swift; sourceTree = "<group>"; };
		D360F2332567B22C009F8489 /* TopBar.swift */ = {isa = PBXFileReference; lastKnownFileType = sourcecode.swift; path = TopBar.swift; sourceTree = "<group>"; };
		D360F2372567BEDC009F8489 /* CustomTableViewController.swift */ = {isa = PBXFileReference; lastKnownFileType = sourcecode.swift; path = CustomTableViewController.swift; sourceTree = "<group>"; };
		D370ECC42567C97800DBC24F /* DashboardViewModel.swift */ = {isa = PBXFileReference; lastKnownFileType = sourcecode.swift; path = DashboardViewModel.swift; sourceTree = "<group>"; };
		D370ECC72567CAE300DBC24F /* CategoryCell.swift */ = {isa = PBXFileReference; lastKnownFileType = sourcecode.swift; path = CategoryCell.swift; sourceTree = "<group>"; };
		D370ECD22569092100DBC24F /* TabSelectionView.swift */ = {isa = PBXFileReference; lastKnownFileType = sourcecode.swift; path = TabSelectionView.swift; sourceTree = "<group>"; };
		D370ECD52569146300DBC24F /* TabSelectionButtonView.swift */ = {isa = PBXFileReference; lastKnownFileType = sourcecode.swift; path = TabSelectionButtonView.swift; sourceTree = "<group>"; };
		D370ECD82569198F00DBC24F /* UIKitExtension.swift */ = {isa = PBXFileReference; lastKnownFileType = sourcecode.swift; path = UIKitExtension.swift; sourceTree = "<group>"; };
		D370ECDE256A2A3C00DBC24F /* VendorCell.swift */ = {isa = PBXFileReference; lastKnownFileType = sourcecode.swift; path = VendorCell.swift; sourceTree = "<group>"; };
		D370ECE3256A384A00DBC24F /* CategoryModel.swift */ = {isa = PBXFileReference; lastKnownFileType = sourcecode.swift; path = CategoryModel.swift; sourceTree = "<group>"; };
		D370ECE5256A39AE00DBC24F /* category.json */ = {isa = PBXFileReference; lastKnownFileType = text.json; path = category.json; sourceTree = "<group>"; };
		D370ECE7256A3A6E00DBC24F /* trending.json */ = {isa = PBXFileReference; fileEncoding = 4; lastKnownFileType = text.json; path = trending.json; sourceTree = "<group>"; };
		D370ECE9256A3D8900DBC24F /* TrendingModel.swift */ = {isa = PBXFileReference; lastKnownFileType = sourcecode.swift; path = TrendingModel.swift; sourceTree = "<group>"; };
		D370ECEB256A42CD00DBC24F /* MockDataProvider.swift */ = {isa = PBXFileReference; lastKnownFileType = sourcecode.swift; path = MockDataProvider.swift; sourceTree = "<group>"; };
		D370ECEE256A52D900DBC24F /* SectionHeaderView.swift */ = {isa = PBXFileReference; lastKnownFileType = sourcecode.swift; path = SectionHeaderView.swift; sourceTree = "<group>"; };
/* End PBXFileReference section */

/* Begin PBXFrameworksBuildPhase section */
		D360F20325679402009F8489 /* Frameworks */ = {
			isa = PBXFrameworksBuildPhase;
			buildActionMask = 2147483647;
			files = (
				369CBBB5DF2DDC0EBF6047FA /* Pods_Explore.framework in Frameworks */,
			);
			runOnlyForDeploymentPostprocessing = 0;
		};
/* End PBXFrameworksBuildPhase section */

/* Begin PBXGroup section */
		39A55A08DC87A31861272DD4 /* Frameworks */ = {
			isa = PBXGroup;
			children = (
				69FEF78E7A72AEE15B30D71A /* Pods_Explore.framework */,
			);
			name = Frameworks;
			sourceTree = "<group>";
		};
		5F9E3826761315CC13495CF8 /* Pods */ = {
			isa = PBXGroup;
			children = (
				21460EA050616BE7A6E9911E /* Pods-Explore.debug.xcconfig */,
				B5EDDB67E764A249819DA97F /* Pods-Explore.release.xcconfig */,
			);
			path = Pods;
			sourceTree = "<group>";
		};
		D3274E23256AED910011F856 /* ThemesCollectionCell */ = {
			isa = PBXGroup;
			children = (
				D3274E24256AEDB80011F856 /* ThemesCollectionCell.swift */,
			);
			path = ThemesCollectionCell;
			sourceTree = "<group>";
		};
		D360F1FD25679402009F8489 = {
			isa = PBXGroup;
			children = (
				D360F20825679402009F8489 /* Explore */,
				D360F20725679402009F8489 /* Products */,
				5F9E3826761315CC13495CF8 /* Pods */,
				39A55A08DC87A31861272DD4 /* Frameworks */,
			);
			sourceTree = "<group>";
		};
		D360F20725679402009F8489 /* Products */ = {
			isa = PBXGroup;
			children = (
				D360F20625679402009F8489 /* Explore.app */,
			);
			name = Products;
			sourceTree = "<group>";
		};
		D360F20825679402009F8489 /* Explore */ = {
			isa = PBXGroup;
			children = (
				D360F20925679402009F8489 /* AppDelegate.swift */,
				D360F21D2567A34D009F8489 /* AppCoordinator.swift */,
				D360F21425679407009F8489 /* LaunchScreen.storyboard */,
				D360F2242567A6EC009F8489 /* Scenes */,
				D360F2232567A6AF009F8489 /* Resources */,
				D360F2212567A68B009F8489 /* Utils */,
				D370ECE2256A383100DBC24F /* Models */,
				D360F22D2567A80F009F8489 /* CustomUI */,
			);
			path = Explore;
			sourceTree = "<group>";
		};
		D360F2212567A68B009F8489 /* Utils */ = {
			isa = PBXGroup;
			children = (
				D370ECD72569197B00DBC24F /* Extensions */,
				D360F2222567A69D009F8489 /* Constants */,
			);
			path = Utils;
			sourceTree = "<group>";
		};
		D360F2222567A69D009F8489 /* Constants */ = {
			isa = PBXGroup;
			children = (
				D360F21F2567A4D4009F8489 /* Constants.swift */,
			);
			path = Constants;
			sourceTree = "<group>";
		};
		D360F2232567A6AF009F8489 /* Resources */ = {
			isa = PBXGroup;
			children = (
				D360F21225679407009F8489 /* Assets.xcassets */,
				D360F21725679407009F8489 /* Info.plist */,
				D370ECE7256A3A6E00DBC24F /* trending.json */,
				D370ECE5256A39AE00DBC24F /* category.json */,
				D370ECEB256A42CD00DBC24F /* MockDataProvider.swift */,
				D31F9A2B256B8A4700B8A1E3 /* themes.json */,
			);
			path = Resources;
			sourceTree = "<group>";
		};
		D360F2242567A6EC009F8489 /* Scenes */ = {
			isa = PBXGroup;
			children = (
				D360F2362567BE9C009F8489 /* CustomTableVC */,
				D360F2282567A74A009F8489 /* BaseVC */,
				D360F2252567A700009F8489 /* Dashboard */,
			);
			path = Scenes;
			sourceTree = "<group>";
		};
		D360F2252567A700009F8489 /* Dashboard */ = {
			isa = PBXGroup;
			children = (
				D360F2262567A714009F8489 /* Views */,
				D360F20F25679402009F8489 /* Dashboard.storyboard */,
			);
			path = Dashboard;
			sourceTree = "<group>";
		};
		D360F2262567A714009F8489 /* Views */ = {
			isa = PBXGroup;
			children = (
				D360F2272567A71C009F8489 /* Dashboard */,
			);
			path = Views;
			sourceTree = "<group>";
		};
		D360F2272567A71C009F8489 /* Dashboard */ = {
			isa = PBXGroup;
			children = (
				D360F20D25679402009F8489 /* DashboardController.swift */,
				D370ECC42567C97800DBC24F /* DashboardViewModel.swift */,
			);
			path = Dashboard;
			sourceTree = "<group>";
		};
		D360F2282567A74A009F8489 /* BaseVC */ = {
			isa = PBXGroup;
			children = (
				D360F2292567A763009F8489 /* BaseViewController.swift */,
				D360F22B2567A777009F8489 /* BaseViewModel.swift */,
			);
			path = BaseVC;
			sourceTree = "<group>";
		};
		D360F22D2567A80F009F8489 /* CustomUI */ = {
			isa = PBXGroup;
			children = (
				D370ECED256A52BB00DBC24F /* SectionHeaderVIew */,
				D370ECD42569143B00DBC24F /* TabSelectionButtonView */,
				D370ECD1256908F200DBC24F /* TabSelectionView */,
				D360F2322567AF30009F8489 /* TopBar */,
				D360F22E2567A816009F8489 /* CustomCells */,
			);
			path = CustomUI;
			sourceTree = "<group>";
		};
		D360F22E2567A816009F8489 /* CustomCells */ = {
			isa = PBXGroup;
			children = (
				D3274E23256AED910011F856 /* ThemesCollectionCell */,
				D370ECDD256A29F100DBC24F /* VendorCell */,
				D370ECC62567CAA000DBC24F /* CategoryCell */,
				D360F22F2567A835009F8489 /* BaseTableViewCell */,
			);
			path = CustomCells;
			sourceTree = "<group>";
		};
		D360F22F2567A835009F8489 /* BaseTableViewCell */ = {
			isa = PBXGroup;
			children = (
				D360F2302567A85F009F8489 /* BaseTableViewCell.swift */,
			);
			path = BaseTableViewCell;
			sourceTree = "<group>";
		};
		D360F2322567AF30009F8489 /* TopBar */ = {
			isa = PBXGroup;
			children = (
				D360F2332567B22C009F8489 /* TopBar.swift */,
			);
			path = TopBar;
			sourceTree = "<group>";
		};
		D360F2362567BE9C009F8489 /* CustomTableVC */ = {
			isa = PBXGroup;
			children = (
				D360F2372567BEDC009F8489 /* CustomTableViewController.swift */,
			);
			path = CustomTableVC;
			sourceTree = "<group>";
		};
		D370ECC62567CAA000DBC24F /* CategoryCell */ = {
			isa = PBXGroup;
			children = (
				D370ECC72567CAE300DBC24F /* CategoryCell.swift */,
			);
			path = CategoryCell;
			sourceTree = "<group>";
		};
		D370ECD1256908F200DBC24F /* TabSelectionView */ = {
			isa = PBXGroup;
			children = (
				D370ECD22569092100DBC24F /* TabSelectionView.swift */,
			);
			path = TabSelectionView;
			sourceTree = "<group>";
		};
		D370ECD42569143B00DBC24F /* TabSelectionButtonView */ = {
			isa = PBXGroup;
			children = (
				D370ECD52569146300DBC24F /* TabSelectionButtonView.swift */,
			);
			path = TabSelectionButtonView;
			sourceTree = "<group>";
		};
		D370ECD72569197B00DBC24F /* Extensions */ = {
			isa = PBXGroup;
			children = (
				D370ECD82569198F00DBC24F /* UIKitExtension.swift */,
			);
			path = Extensions;
			sourceTree = "<group>";
		};
		D370ECDD256A29F100DBC24F /* VendorCell */ = {
			isa = PBXGroup;
			children = (
				D370ECDE256A2A3C00DBC24F /* VendorCell.swift */,
			);
			path = VendorCell;
			sourceTree = "<group>";
		};
		D370ECE2256A383100DBC24F /* Models */ = {
			isa = PBXGroup;
			children = (
				D370ECE3256A384A00DBC24F /* CategoryModel.swift */,
				D370ECE9256A3D8900DBC24F /* TrendingModel.swift */,
				D31F9A2D256B8BC800B8A1E3 /* ThemeModel.swift */,
			);
			path = Models;
			sourceTree = "<group>";
		};
		D370ECED256A52BB00DBC24F /* SectionHeaderVIew */ = {
			isa = PBXGroup;
			children = (
				D370ECEE256A52D900DBC24F /* SectionHeaderView.swift */,
			);
			path = SectionHeaderVIew;
			sourceTree = "<group>";
		};
/* End PBXGroup section */

/* Begin PBXNativeTarget section */
		D360F20525679402009F8489 /* Explore */ = {
			isa = PBXNativeTarget;
			buildConfigurationList = D360F21A25679407009F8489 /* Build configuration list for PBXNativeTarget "Explore" */;
			buildPhases = (
				7545D5BC19ED08F9D5E6C4CB /* [CP] Check Pods Manifest.lock */,
				D360F20225679402009F8489 /* Sources */,
				D360F20325679402009F8489 /* Frameworks */,
				D360F20425679402009F8489 /* Resources */,
				57FB313305AB71AAAB5C51E7 /* [CP] Embed Pods Frameworks */,
			);
			buildRules = (
			);
			dependencies = (
			);
			name = Explore;
			productName = Explore;
			productReference = D360F20625679402009F8489 /* Explore.app */;
			productType = "com.apple.product-type.application";
		};
/* End PBXNativeTarget section */

/* Begin PBXProject section */
		D360F1FE25679402009F8489 /* Project object */ = {
			isa = PBXProject;
			attributes = {
				LastSwiftUpdateCheck = 1150;
				LastUpgradeCheck = 1150;
				ORGANIZATIONNAME = Shekhar;
				TargetAttributes = {
					D360F20525679402009F8489 = {
						CreatedOnToolsVersion = 11.5;
					};
				};
			};
			buildConfigurationList = D360F20125679402009F8489 /* Build configuration list for PBXProject "Explore" */;
			compatibilityVersion = "Xcode 9.3";
			developmentRegion = en;
			hasScannedForEncodings = 0;
			knownRegions = (
				en,
				Base,
			);
			mainGroup = D360F1FD25679402009F8489;
			productRefGroup = D360F20725679402009F8489 /* Products */;
			projectDirPath = "";
			projectRoot = "";
			targets = (
				D360F20525679402009F8489 /* Explore */,
			);
		};
/* End PBXProject section */

/* Begin PBXResourcesBuildPhase section */
		D360F20425679402009F8489 /* Resources */ = {
			isa = PBXResourcesBuildPhase;
			buildActionMask = 2147483647;
			files = (
				D360F21625679407009F8489 /* LaunchScreen.storyboard in Resources */,
				D31F9A2C256B8A4700B8A1E3 /* themes.json in Resources */,
				D360F21325679407009F8489 /* Assets.xcassets in Resources */,
				D370ECE8256A3A6E00DBC24F /* trending.json in Resources */,
				D360F21125679402009F8489 /* Dashboard.storyboard in Resources */,
				D370ECE6256A39AE00DBC24F /* category.json in Resources */,
			);
			runOnlyForDeploymentPostprocessing = 0;
		};
/* End PBXResourcesBuildPhase section */

/* Begin PBXShellScriptBuildPhase section */
		57FB313305AB71AAAB5C51E7 /* [CP] Embed Pods Frameworks */ = {
			isa = PBXShellScriptBuildPhase;
			buildActionMask = 2147483647;
			files = (
			);
			inputFileListPaths = (
				"${PODS_ROOT}/Target Support Files/Pods-Explore/Pods-Explore-frameworks-${CONFIGURATION}-input-files.xcfilelist",
			);
			name = "[CP] Embed Pods Frameworks";
			outputFileListPaths = (
				"${PODS_ROOT}/Target Support Files/Pods-Explore/Pods-Explore-frameworks-${CONFIGURATION}-output-files.xcfilelist",
			);
			runOnlyForDeploymentPostprocessing = 0;
			shellPath = /bin/sh;
			shellScript = "\"${PODS_ROOT}/Target Support Files/Pods-Explore/Pods-Explore-frameworks.sh\"\n";
			showEnvVarsInLog = 0;
		};
		7545D5BC19ED08F9D5E6C4CB /* [CP] Check Pods Manifest.lock */ = {
			isa = PBXShellScriptBuildPhase;
			buildActionMask = 2147483647;
			files = (
			);
			inputFileListPaths = (
			);
			inputPaths = (
				"${PODS_PODFILE_DIR_PATH}/Podfile.lock",
				"${PODS_ROOT}/Manifest.lock",
			);
			name = "[CP] Check Pods Manifest.lock";
			outputFileListPaths = (
			);
			outputPaths = (
				"$(DERIVED_FILE_DIR)/Pods-Explore-checkManifestLockResult.txt",
			);
			runOnlyForDeploymentPostprocessing = 0;
			shellPath = /bin/sh;
			shellScript = "diff \"${PODS_PODFILE_DIR_PATH}/Podfile.lock\" \"${PODS_ROOT}/Manifest.lock\" > /dev/null\nif [ $? != 0 ] ; then\n    # print error to STDERR\n    echo \"error: The sandbox is not in sync with the Podfile.lock. Run 'pod install' or update your CocoaPods installation.\" >&2\n    exit 1\nfi\n# This output is used by Xcode 'outputs' to avoid re-running this script phase.\necho \"SUCCESS\" > \"${SCRIPT_OUTPUT_FILE_0}\"\n";
			showEnvVarsInLog = 0;
		};
/* End PBXShellScriptBuildPhase section */

/* Begin PBXSourcesBuildPhase section */
		D360F20225679402009F8489 /* Sources */ = {
			isa = PBXSourcesBuildPhase;
			buildActionMask = 2147483647;
			files = (
				D31F9A2E256B8BC800B8A1E3 /* ThemeModel.swift in Sources */,
				D360F22A2567A763009F8489 /* BaseViewController.swift in Sources */,
				D370ECD32569092100DBC24F /* TabSelectionView.swift in Sources */,
				D370ECC52567C97800DBC24F /* DashboardViewModel.swift in Sources */,
				D3274E25256AEDB80011F856 /* ThemesCollectionCell.swift in Sources */,
				D370ECDF256A2A3C00DBC24F /* VendorCell.swift in Sources */,
				D360F21E2567A34D009F8489 /* AppCoordinator.swift in Sources */,
				D370ECD92569198F00DBC24F /* UIKitExtension.swift in Sources */,
				D370ECE4256A384A00DBC24F /* CategoryModel.swift in Sources */,
				D360F20E25679402009F8489 /* DashboardController.swift in Sources */,
				D360F20A25679402009F8489 /* AppDelegate.swift in Sources */,
				D360F2312567A85F009F8489 /* BaseTableViewCell.swift in Sources */,
				D360F2202567A4D4009F8489 /* Constants.swift in Sources */,
				D370ECEC256A42CD00DBC24F /* MockDataProvider.swift in Sources */,
				D360F22C2567A777009F8489 /* BaseViewModel.swift in Sources */,
				D360F2382567BEDC009F8489 /* CustomTableViewController.swift in Sources */,
				D360F2342567B22C009F8489 /* TopBar.swift in Sources */,
				D370ECEF256A52D900DBC24F /* SectionHeaderView.swift in Sources */,
				D370ECC82567CAE300DBC24F /* CategoryCell.swift in Sources */,
				D370ECEA256A3D8900DBC24F /* TrendingModel.swift in Sources */,
				D370ECD62569146300DBC24F /* TabSelectionButtonView.swift in Sources */,
			);
			runOnlyForDeploymentPostprocessing = 0;
		};
/* End PBXSourcesBuildPhase section */

/* Begin PBXVariantGroup section */
		D360F20F25679402009F8489 /* Dashboard.storyboard */ = {
			isa = PBXVariantGroup;
			children = (
				D360F21025679402009F8489 /* Base */,
			);
			name = Dashboard.storyboard;
			sourceTree = "<group>";
		};
		D360F21425679407009F8489 /* LaunchScreen.storyboard */ = {
			isa = PBXVariantGroup;
			children = (
				D360F21525679407009F8489 /* Base */,
			);
			name = LaunchScreen.storyboard;
			sourceTree = "<group>";
		};
/* End PBXVariantGroup section */

/* Begin XCBuildConfiguration section */
		D360F21825679407009F8489 /* Debug */ = {
			isa = XCBuildConfiguration;
			buildSettings = {
				ALWAYS_SEARCH_USER_PATHS = NO;
				CLANG_ANALYZER_NONNULL = YES;
				CLANG_ANALYZER_NUMBER_OBJECT_CONVERSION = YES_AGGRESSIVE;
				CLANG_CXX_LANGUAGE_STANDARD = "gnu++14";
				CLANG_CXX_LIBRARY = "libc++";
				CLANG_ENABLE_MODULES = YES;
				CLANG_ENABLE_OBJC_ARC = YES;
				CLANG_ENABLE_OBJC_WEAK = YES;
				CLANG_WARN_BLOCK_CAPTURE_AUTORELEASING = YES;
				CLANG_WARN_BOOL_CONVERSION = YES;
				CLANG_WARN_COMMA = YES;
				CLANG_WARN_CONSTANT_CONVERSION = YES;
				CLANG_WARN_DEPRECATED_OBJC_IMPLEMENTATIONS = YES;
				CLANG_WARN_DIRECT_OBJC_ISA_USAGE = YES_ERROR;
				CLANG_WARN_DOCUMENTATION_COMMENTS = YES;
				CLANG_WARN_EMPTY_BODY = YES;
				CLANG_WARN_ENUM_CONVERSION = YES;
				CLANG_WARN_INFINITE_RECURSION = YES;
				CLANG_WARN_INT_CONVERSION = YES;
				CLANG_WARN_NON_LITERAL_NULL_CONVERSION = YES;
				CLANG_WARN_OBJC_IMPLICIT_RETAIN_SELF = YES;
				CLANG_WARN_OBJC_LITERAL_CONVERSION = YES;
				CLANG_WARN_OBJC_ROOT_CLASS = YES_ERROR;
				CLANG_WARN_RANGE_LOOP_ANALYSIS = YES;
				CLANG_WARN_STRICT_PROTOTYPES = YES;
				CLANG_WARN_SUSPICIOUS_MOVE = YES;
				CLANG_WARN_UNGUARDED_AVAILABILITY = YES_AGGRESSIVE;
				CLANG_WARN_UNREACHABLE_CODE = YES;
				CLANG_WARN__DUPLICATE_METHOD_MATCH = YES;
				COPY_PHASE_STRIP = NO;
				DEBUG_INFORMATION_FORMAT = dwarf;
				ENABLE_STRICT_OBJC_MSGSEND = YES;
				ENABLE_TESTABILITY = YES;
				GCC_C_LANGUAGE_STANDARD = gnu11;
				GCC_DYNAMIC_NO_PIC = NO;
				GCC_NO_COMMON_BLOCKS = YES;
				GCC_OPTIMIZATION_LEVEL = 0;
				GCC_PREPROCESSOR_DEFINITIONS = (
					"DEBUG=1",
					"$(inherited)",
				);
				GCC_WARN_64_TO_32_BIT_CONVERSION = YES;
				GCC_WARN_ABOUT_RETURN_TYPE = YES_ERROR;
				GCC_WARN_UNDECLARED_SELECTOR = YES;
				GCC_WARN_UNINITIALIZED_AUTOS = YES_AGGRESSIVE;
				GCC_WARN_UNUSED_FUNCTION = YES;
				GCC_WARN_UNUSED_VARIABLE = YES;
				IPHONEOS_DEPLOYMENT_TARGET = 13.5;
				MTL_ENABLE_DEBUG_INFO = INCLUDE_SOURCE;
				MTL_FAST_MATH = YES;
				ONLY_ACTIVE_ARCH = YES;
				SDKROOT = iphoneos;
				SWIFT_ACTIVE_COMPILATION_CONDITIONS = DEBUG;
				SWIFT_OPTIMIZATION_LEVEL = "-Onone";
			};
			name = Debug;
		};
		D360F21925679407009F8489 /* Release */ = {
			isa = XCBuildConfiguration;
			buildSettings = {
				ALWAYS_SEARCH_USER_PATHS = NO;
				CLANG_ANALYZER_NONNULL = YES;
				CLANG_ANALYZER_NUMBER_OBJECT_CONVERSION = YES_AGGRESSIVE;
				CLANG_CXX_LANGUAGE_STANDARD = "gnu++14";
				CLANG_CXX_LIBRARY = "libc++";
				CLANG_ENABLE_MODULES = YES;
				CLANG_ENABLE_OBJC_ARC = YES;
				CLANG_ENABLE_OBJC_WEAK = YES;
				CLANG_WARN_BLOCK_CAPTURE_AUTORELEASING = YES;
				CLANG_WARN_BOOL_CONVERSION = YES;
				CLANG_WARN_COMMA = YES;
				CLANG_WARN_CONSTANT_CONVERSION = YES;
				CLANG_WARN_DEPRECATED_OBJC_IMPLEMENTATIONS = YES;
				CLANG_WARN_DIRECT_OBJC_ISA_USAGE = YES_ERROR;
				CLANG_WARN_DOCUMENTATION_COMMENTS = YES;
				CLANG_WARN_EMPTY_BODY = YES;
				CLANG_WARN_ENUM_CONVERSION = YES;
				CLANG_WARN_INFINITE_RECURSION = YES;
				CLANG_WARN_INT_CONVERSION = YES;
				CLANG_WARN_NON_LITERAL_NULL_CONVERSION = YES;
				CLANG_WARN_OBJC_IMPLICIT_RETAIN_SELF = YES;
				CLANG_WARN_OBJC_LITERAL_CONVERSION = YES;
				CLANG_WARN_OBJC_ROOT_CLASS = YES_ERROR;
				CLANG_WARN_RANGE_LOOP_ANALYSIS = YES;
				CLANG_WARN_STRICT_PROTOTYPES = YES;
				CLANG_WARN_SUSPICIOUS_MOVE = YES;
				CLANG_WARN_UNGUARDED_AVAILABILITY = YES_AGGRESSIVE;
				CLANG_WARN_UNREACHABLE_CODE = YES;
				CLANG_WARN__DUPLICATE_METHOD_MATCH = YES;
				COPY_PHASE_STRIP = NO;
				DEBUG_INFORMATION_FORMAT = "dwarf-with-dsym";
				ENABLE_NS_ASSERTIONS = NO;
				ENABLE_STRICT_OBJC_MSGSEND = YES;
				GCC_C_LANGUAGE_STANDARD = gnu11;
				GCC_NO_COMMON_BLOCKS = YES;
				GCC_WARN_64_TO_32_BIT_CONVERSION = YES;
				GCC_WARN_ABOUT_RETURN_TYPE = YES_ERROR;
				GCC_WARN_UNDECLARED_SELECTOR = YES;
				GCC_WARN_UNINITIALIZED_AUTOS = YES_AGGRESSIVE;
				GCC_WARN_UNUSED_FUNCTION = YES;
				GCC_WARN_UNUSED_VARIABLE = YES;
				IPHONEOS_DEPLOYMENT_TARGET = 13.5;
				MTL_ENABLE_DEBUG_INFO = NO;
				MTL_FAST_MATH = YES;
				SDKROOT = iphoneos;
				SWIFT_COMPILATION_MODE = wholemodule;
				SWIFT_OPTIMIZATION_LEVEL = "-O";
				VALIDATE_PRODUCT = YES;
			};
			name = Release;
		};
		D360F21B25679407009F8489 /* Debug */ = {
			isa = XCBuildConfiguration;
			baseConfigurationReference = 21460EA050616BE7A6E9911E /* Pods-Explore.debug.xcconfig */;
			buildSettings = {
				ASSETCATALOG_COMPILER_APPICON_NAME = AppIcon;
				CODE_SIGN_STYLE = Automatic;
				DEVELOPMENT_TEAM = 3ACR75YSGT;
				INFOPLIST_FILE = Explore/Resources/Info.plist;
				LD_RUNPATH_SEARCH_PATHS = (
					"$(inherited)",
					"@executable_path/Frameworks",
				);
				PRODUCT_BUNDLE_IDENTIFIER = com.shekhar.Explore;
				PRODUCT_NAME = "$(TARGET_NAME)";
				SWIFT_VERSION = 5.0;
				TARGETED_DEVICE_FAMILY = "1,2";
			};
			name = Debug;
		};
		D360F21C25679407009F8489 /* Release */ = {
			isa = XCBuildConfiguration;
			baseConfigurationReference = B5EDDB67E764A249819DA97F /* Pods-Explore.release.xcconfig */;
			buildSettings = {
				ASSETCATALOG_COMPILER_APPICON_NAME = AppIcon;
				CODE_SIGN_STYLE = Automatic;
				DEVELOPMENT_TEAM = 3ACR75YSGT;
				INFOPLIST_FILE = Explore/Resources/Info.plist;
				LD_RUNPATH_SEARCH_PATHS = (
					"$(inherited)",
					"@executable_path/Frameworks",
				);
				PRODUCT_BUNDLE_IDENTIFIER = com.shekhar.Explore;
				PRODUCT_NAME = "$(TARGET_NAME)";
				SWIFT_VERSION = 5.0;
				TARGETED_DEVICE_FAMILY = "1,2";
			};
			name = Release;
		};
/* End XCBuildConfiguration section */

/* Begin XCConfigurationList section */
		D360F20125679402009F8489 /* Build configuration list for PBXProject "Explore" */ = {
			isa = XCConfigurationList;
			buildConfigurations = (
				D360F21825679407009F8489 /* Debug */,
				D360F21925679407009F8489 /* Release */,
			);
			defaultConfigurationIsVisible = 0;
			defaultConfigurationName = Release;
		};
		D360F21A25679407009F8489 /* Build configuration list for PBXNativeTarget "Explore" */ = {
			isa = XCConfigurationList;
			buildConfigurations = (
				D360F21B25679407009F8489 /* Debug */,
				D360F21C25679407009F8489 /* Release */,
			);
			defaultConfigurationIsVisible = 0;
			defaultConfigurationName = Release;
		};
/* End XCConfigurationList section */
	};
	rootObject = D360F1FE25679402009F8489 /* Project object */;
}
